
Microsoft Visual Studio Solution File, Format Version 12.00
# Visual Studio Express 2012 for Windows Desktop
Project("{FAE04EC0-301F-11D3-BF4B-00C04F79EFBC}") = "Entidades", "Entidades\Entidades.csproj", "{FE1EA02C-7644-405E-B66C-CB2E5B5634BB}"
EndProject
Project("{FAE04EC0-301F-11D3-BF4B-00C04F79EFBC}") = "MainProject", "MainProject\MainProject.csproj", "{88128F87-D185-44C3-878C-B04D203E54D0}"
EndProject
Global
	GlobalSection(SolutionConfigurationPlatforms) = preSolution
		Debug|Any CPU = Debug|Any CPU
		Release|Any CPU = Release|Any CPU
	EndGlobalSection
	GlobalSection(ProjectConfigurationPlatforms) = postSolution
		{FE1EA02C-7644-405E-B66C-CB2E5B5634BB}.Debug|Any CPU.ActiveCfg = Debug|Any CPU
		{FE1EA02C-7644-405E-B66C-CB2E5B5634BB}.Debug|Any CPU.Build.0 = Debug|Any CPU
		{FE1EA02C-7644-405E-B66C-CB2E5B5634BB}.Release|Any CPU.ActiveCfg = Release|Any CPU
		{FE1EA02C-7644-405E-B66C-CB2E5B5634BB}.Release|Any CPU.Build.0 = Release|Any CPU
		{88128F87-D185-44C3-878C-B04D203E54D0}.Debug|Any CPU.ActiveCfg = Debug|Any CPU
		{88128F87-D185-44C3-878C-B04D203E54D0}.Debug|Any CPU.Build.0 = Debug|Any CPU
		{88128F87-D185-44C3-878C-B04D203E54D0}.Release|Any CPU.ActiveCfg = Release|Any CPU
		{88128F87-D185-44C3-878C-B04D203E54D0}.Release|Any CPU.Build.0 = Release|Any CPU
	EndGlobalSection
	GlobalSection(SolutionProperties) = preSolution
		HideSolutionNode = FALSE
	EndGlobalSection
EndGlobal
